
Microsoft Visual Studio Solution File, Format Version 12.00
# Visual Studio Version 17
VisualStudioVersion = 17.4.33110.190
MinimumVisualStudioVersion = 10.0.40219.1
Project("{FAE04EC0-301F-11D3-BF4B-00C04F79EFBC}") = "PlaystationMacro", "PlaystationMacro\PlaystationMacro.csproj", "{2AF33C2D-3BCD-467C-BC81-08025C164799}"
EndProject
Project("{FAE04EC0-301F-11D3-BF4B-00C04F79EFBC}") = "PlaystationMacroAPI", "PlaystationMacroAPI\PlaystationMacroAPI.csproj", "{63B26590-8DD4-4534-8E5E-C72750F29934}"
EndProject
Global
	GlobalSection(SolutionConfigurationPlatforms) = preSolution
		Debug|Any CPU = Debug|Any CPU
		Release|Any CPU = Release|Any CPU
	EndGlobalSection
	GlobalSection(ProjectConfigurationPlatforms) = postSolution
		{2AF33C2D-3BCD-467C-BC81-08025C164799}.Debug|Any CPU.ActiveCfg = Debug|Any CPU
		{2AF33C2D-3BCD-467C-BC81-08025C164799}.Debug|Any CPU.Build.0 = Debug|Any CPU
		{2AF33C2D-3BCD-467C-BC81-08025C164799}.Release|Any CPU.ActiveCfg = Release|Any CPU
		{2AF33C2D-3BCD-467C-BC81-08025C164799}.Release|Any CPU.Build.0 = Release|Any CPU
		{63B26590-8DD4-4534-8E5E-C72750F29934}.Debug|Any CPU.ActiveCfg = Debug|Any CPU
		{63B26590-8DD4-4534-8E5E-C72750F29934}.Debug|Any CPU.Build.0 = Debug|Any CPU
		{63B26590-8DD4-4534-8E5E-C72750F29934}.Release|Any CPU.ActiveCfg = Release|Any CPU
		{63B26590-8DD4-4534-8E5E-C72750F29934}.Release|Any CPU.Build.0 = Release|Any CPU
	EndGlobalSection
	GlobalSection(SolutionProperties) = preSolution
		HideSolutionNode = FALSE
	EndGlobalSection
	GlobalSection(ExtensibilityGlobals) = postSolution
		SolutionGuid = {B1D4BA6F-2E71-4C5B-92AF-009082F5B109}
	EndGlobalSection
EndGlobal
